
Microsoft Visual Studio Solution File, Format Version 12.00
# Visual Studio Version 17
VisualStudioVersion = 17.4.33403.182
MinimumVisualStudioVersion = 10.0.40219.1
Project("{9A19103F-16F7-4668-BE54-9A1E7A4F7556}") = "Nodify", "Nodify\Nodify.csproj", "{A4349FD1-2774-42F2-90FD-7D8F4CA8BB71}"
EndProject
Project("{2150E333-8FDC-42A3-9474-1A3956D46DE8}") = "Examples", "Examples", "{E467F53A-3CCA-4EDB-BD33-FC89CA3C526B}"
EndProject
Project("{9A19103F-16F7-4668-BE54-9A1E7A4F7556}") = "Nodify.Playground", "Examples\Nodify.Playground\Nodify.Playground.csproj", "{423D54CA-9F42-4116-8755-13641F94151D}"
EndProject
Project("{9A19103F-16F7-4668-BE54-9A1E7A4F7556}") = "Nodify.StateMachine", "Examples\Nodify.StateMachine\Nodify.StateMachine.csproj", "{48569CA8-81C1-4B47-963B-0FC9358C5F01}"
EndProject
Project("{9A19103F-16F7-4668-BE54-9A1E7A4F7556}") = "Nodify.Shared", "Examples\Nodify.Shared\Nodify.Shared.csproj", "{499C8539-9973-4102-B976-57DB3F3C7DF3}"
EndProject
Project("{9A19103F-16F7-4668-BE54-9A1E7A4F7556}") = "Nodify.Calculator", "Examples\Nodify.Calculator\Nodify.Calculator.csproj", "{7ADD1DAF-B589-4742-8E72-872D2842E73D}"
EndProject
Project("{9A19103F-16F7-4668-BE54-9A1E7A4F7556}") = "Nodify.Operations", "Nodify.Operations\Nodify.Operations.csproj", "{333F528E-1490-4437-AB3A-41CD7F987B56}"
EndProject
Project("{9A19103F-16F7-4668-BE54-9A1E7A4F7556}") = "Nodify.Demo", "Nodify.Demo\Nodify.Demo.csproj", "{8E2E0010-1889-4A9F-B4A1-022F1EB9028E}"
EndProject
Project("{9A19103F-16F7-4668-BE54-9A1E7A4F7556}") = "Utility.Conversions", "..\..\..\Utility\Conversions\Utility.Conversions\Utility.Conversions.csproj", "{EBE70079-DAA7-4A85-8BA6-E24A8A73F5B3}"
EndProject
Project("{9A19103F-16F7-4668-BE54-9A1E7A4F7556}") = "Nodify.ViewModel.Core", "Nodify.Core\Nodify.ViewModel.Core.csproj", "{E2D3E381-327C-48F3-A486-ED369B0244A6}"
EndProject
Project("{FAE04EC0-301F-11D3-BF4B-00C04F79EFBC}") = "Nodify.ViewModel.Extra", "Nodify.Extra\Nodify.ViewModel.Extra.csproj", "{917B57DF-B395-457E-BDA2-3CFD73C96E7B}"
EndProject
Project("{FAE04EC0-301F-11D3-BF4B-00C04F79EFBC}") = "Nodify.Abstractions", "Nodify.Abstractions\Nodify.Abstractions.csproj", "{301047AF-3249-4C05-94F7-C9EC1E16F7A6}"
EndProject
Global
	GlobalSection(SolutionConfigurationPlatforms) = preSolution
		Debug|Any CPU = Debug|Any CPU
		Release|Any CPU = Release|Any CPU
	EndGlobalSection
	GlobalSection(ProjectConfigurationPlatforms) = postSolution
		{A4349FD1-2774-42F2-90FD-7D8F4CA8BB71}.Debug|Any CPU.ActiveCfg = Debug|Any CPU
		{A4349FD1-2774-42F2-90FD-7D8F4CA8BB71}.Debug|Any CPU.Build.0 = Debug|Any CPU
		{A4349FD1-2774-42F2-90FD-7D8F4CA8BB71}.Release|Any CPU.ActiveCfg = Release|Any CPU
		{A4349FD1-2774-42F2-90FD-7D8F4CA8BB71}.Release|Any CPU.Build.0 = Release|Any CPU
		{423D54CA-9F42-4116-8755-13641F94151D}.Debug|Any CPU.ActiveCfg = Debug|Any CPU
		{423D54CA-9F42-4116-8755-13641F94151D}.Debug|Any CPU.Build.0 = Debug|Any CPU
		{423D54CA-9F42-4116-8755-13641F94151D}.Release|Any CPU.ActiveCfg = Release|Any CPU
		{423D54CA-9F42-4116-8755-13641F94151D}.Release|Any CPU.Build.0 = Release|Any CPU
		{48569CA8-81C1-4B47-963B-0FC9358C5F01}.Debug|Any CPU.ActiveCfg = Debug|Any CPU
		{48569CA8-81C1-4B47-963B-0FC9358C5F01}.Debug|Any CPU.Build.0 = Debug|Any CPU
		{48569CA8-81C1-4B47-963B-0FC9358C5F01}.Release|Any CPU.ActiveCfg = Release|Any CPU
		{48569CA8-81C1-4B47-963B-0FC9358C5F01}.Release|Any CPU.Build.0 = Release|Any CPU
		{499C8539-9973-4102-B976-57DB3F3C7DF3}.Debug|Any CPU.ActiveCfg = Debug|Any CPU
		{499C8539-9973-4102-B976-57DB3F3C7DF3}.Debug|Any CPU.Build.0 = Debug|Any CPU
		{499C8539-9973-4102-B976-57DB3F3C7DF3}.Release|Any CPU.ActiveCfg = Release|Any CPU
		{499C8539-9973-4102-B976-57DB3F3C7DF3}.Release|Any CPU.Build.0 = Release|Any CPU
		{7ADD1DAF-B589-4742-8E72-872D2842E73D}.Debug|Any CPU.ActiveCfg = Debug|Any CPU
		{7ADD1DAF-B589-4742-8E72-872D2842E73D}.Debug|Any CPU.Build.0 = Debug|Any CPU
		{7ADD1DAF-B589-4742-8E72-872D2842E73D}.Release|Any CPU.ActiveCfg = Release|Any CPU
		{7ADD1DAF-B589-4742-8E72-872D2842E73D}.Release|Any CPU.Build.0 = Release|Any CPU
		{333F528E-1490-4437-AB3A-41CD7F987B56}.Debug|Any CPU.ActiveCfg = Debug|Any CPU
		{333F528E-1490-4437-AB3A-41CD7F987B56}.Debug|Any CPU.Build.0 = Debug|Any CPU
		{333F528E-1490-4437-AB3A-41CD7F987B56}.Release|Any CPU.ActiveCfg = Release|Any CPU
		{333F528E-1490-4437-AB3A-41CD7F987B56}.Release|Any CPU.Build.0 = Release|Any CPU
		{8E2E0010-1889-4A9F-B4A1-022F1EB9028E}.Debug|Any CPU.ActiveCfg = Debug|Any CPU
		{8E2E0010-1889-4A9F-B4A1-022F1EB9028E}.Debug|Any CPU.Build.0 = Debug|Any CPU
		{8E2E0010-1889-4A9F-B4A1-022F1EB9028E}.Release|Any CPU.ActiveCfg = Release|Any CPU
		{8E2E0010-1889-4A9F-B4A1-022F1EB9028E}.Release|Any CPU.Build.0 = Release|Any CPU
		{EBE70079-DAA7-4A85-8BA6-E24A8A73F5B3}.Debug|Any CPU.ActiveCfg = Debug|Any CPU
		{EBE70079-DAA7-4A85-8BA6-E24A8A73F5B3}.Debug|Any CPU.Build.0 = Debug|Any CPU
		{EBE70079-DAA7-4A85-8BA6-E24A8A73F5B3}.Release|Any CPU.ActiveCfg = Release|Any CPU
		{EBE70079-DAA7-4A85-8BA6-E24A8A73F5B3}.Release|Any CPU.Build.0 = Release|Any CPU
		{E2D3E381-327C-48F3-A486-ED369B0244A6}.Debug|Any CPU.ActiveCfg = Debug|Any CPU
		{E2D3E381-327C-48F3-A486-ED369B0244A6}.Debug|Any CPU.Build.0 = Debug|Any CPU
		{E2D3E381-327C-48F3-A486-ED369B0244A6}.Release|Any CPU.ActiveCfg = Release|Any CPU
		{E2D3E381-327C-48F3-A486-ED369B0244A6}.Release|Any CPU.Build.0 = Release|Any CPU
		{917B57DF-B395-457E-BDA2-3CFD73C96E7B}.Debug|Any CPU.ActiveCfg = Debug|Any CPU
		{917B57DF-B395-457E-BDA2-3CFD73C96E7B}.Debug|Any CPU.Build.0 = Debug|Any CPU
		{917B57DF-B395-457E-BDA2-3CFD73C96E7B}.Release|Any CPU.ActiveCfg = Release|Any CPU
		{917B57DF-B395-457E-BDA2-3CFD73C96E7B}.Release|Any CPU.Build.0 = Release|Any CPU
		{301047AF-3249-4C05-94F7-C9EC1E16F7A6}.Debug|Any CPU.ActiveCfg = Debug|Any CPU
		{301047AF-3249-4C05-94F7-C9EC1E16F7A6}.Debug|Any CPU.Build.0 = Debug|Any CPU
		{301047AF-3249-4C05-94F7-C9EC1E16F7A6}.Release|Any CPU.ActiveCfg = Release|Any CPU
		{301047AF-3249-4C05-94F7-C9EC1E16F7A6}.Release|Any CPU.Build.0 = Release|Any CPU
	EndGlobalSection
	GlobalSection(SolutionProperties) = preSolution
		HideSolutionNode = FALSE
	EndGlobalSection
	GlobalSection(NestedProjects) = preSolution
		{423D54CA-9F42-4116-8755-13641F94151D} = {E467F53A-3CCA-4EDB-BD33-FC89CA3C526B}
		{48569CA8-81C1-4B47-963B-0FC9358C5F01} = {E467F53A-3CCA-4EDB-BD33-FC89CA3C526B}
		{7ADD1DAF-B589-4742-8E72-872D2842E73D} = {E467F53A-3CCA-4EDB-BD33-FC89CA3C526B}
		{8E2E0010-1889-4A9F-B4A1-022F1EB9028E} = {E467F53A-3CCA-4EDB-BD33-FC89CA3C526B}
	EndGlobalSection
	GlobalSection(ExtensibilityGlobals) = postSolution
		SolutionGuid = {B9E59DB6-FB93-48F3-A8E0-1E549009E043}
	EndGlobalSection
EndGlobal
